
Microsoft Visual Studio Solution File, Format Version 12.00
# Visual Studio Version 17
VisualStudioVersion = 17.2.32526.322
MinimumVisualStudioVersion = 10.0.40219.1
Project("{FAE04EC0-301F-11D3-BF4B-00C04F79EFBC}") = "part1", "практика\part1.csproj", "{3A1BF7C2-72CB-4ED8-8C46-6F8464AF0D58}"
EndProject
Project("{FAE04EC0-301F-11D3-BF4B-00C04F79EFBC}") = "part2", "практика2\part2.csproj", "{A4F24B7D-3A18-46F0-8833-19741D81CCE3}"
EndProject
Global
	GlobalSection(SolutionConfigurationPlatforms) = preSolution
		Debug|Any CPU = Debug|Any CPU
		Release|Any CPU = Release|Any CPU
	EndGlobalSection
	GlobalSection(ProjectConfigurationPlatforms) = postSolution
		{3A1BF7C2-72CB-4ED8-8C46-6F8464AF0D58}.Debug|Any CPU.ActiveCfg = Debug|Any CPU
		{3A1BF7C2-72CB-4ED8-8C46-6F8464AF0D58}.Debug|Any CPU.Build.0 = Debug|Any CPU
		{3A1BF7C2-72CB-4ED8-8C46-6F8464AF0D58}.Release|Any CPU.ActiveCfg = Release|Any CPU
		{3A1BF7C2-72CB-4ED8-8C46-6F8464AF0D58}.Release|Any CPU.Build.0 = Release|Any CPU
		{A4F24B7D-3A18-46F0-8833-19741D81CCE3}.Debug|Any CPU.ActiveCfg = Debug|Any CPU
		{A4F24B7D-3A18-46F0-8833-19741D81CCE3}.Debug|Any CPU.Build.0 = Debug|Any CPU
		{A4F24B7D-3A18-46F0-8833-19741D81CCE3}.Release|Any CPU.ActiveCfg = Release|Any CPU
		{A4F24B7D-3A18-46F0-8833-19741D81CCE3}.Release|Any CPU.Build.0 = Release|Any CPU
	EndGlobalSection
	GlobalSection(SolutionProperties) = preSolution
		HideSolutionNode = FALSE
	EndGlobalSection
	GlobalSection(ExtensibilityGlobals) = postSolution
		SolutionGuid = {BEE46A4B-25B5-4F9B-8F32-28ACE989ACB9}
	EndGlobalSection
EndGlobal
